
Microsoft Visual Studio Solution File, Format Version 12.00
# Visual Studio Version 17
VisualStudioVersion = 17.9.34607.119
MinimumVisualStudioVersion = 10.0.40219.1
Project("{FAE04EC0-301F-11D3-BF4B-00C04F79EFBC}") = "CodingLabpro", "CodingLabpro\CodingLabpro.csproj", "{AE734757-B64B-47B3-BEC5-0E355BC66140}"
EndProject
Global
	GlobalSection(SolutionConfigurationPlatforms) = preSolution
		Debug|Any CPU = Debug|Any CPU
		Release|Any CPU = Release|Any CPU
	EndGlobalSection
	GlobalSection(ProjectConfigurationPlatforms) = postSolution
		{AE734757-B64B-47B3-BEC5-0E355BC66140}.Debug|Any CPU.ActiveCfg = Debug|Any CPU
		{AE734757-B64B-47B3-BEC5-0E355BC66140}.Debug|Any CPU.Build.0 = Debug|Any CPU
		{AE734757-B64B-47B3-BEC5-0E355BC66140}.Release|Any CPU.ActiveCfg = Release|Any CPU
		{AE734757-B64B-47B3-BEC5-0E355BC66140}.Release|Any CPU.Build.0 = Release|Any CPU
	EndGlobalSection
	GlobalSection(SolutionProperties) = preSolution
		HideSolutionNode = FALSE
	EndGlobalSection
	GlobalSection(ExtensibilityGlobals) = postSolution
		SolutionGuid = {83432BE1-3B9B-42A9-9977-32F66D78148E}
	EndGlobalSection
EndGlobal
